{
	"requires": true,
	"lockfileVersion": 1,
	"dependencies": {
		"@sindresorhus/is": {
			"version": "0.7.0",
			"resolved": "https://registry.npmjs.org/@sindresorhus/is/-/is-0.7.0.tgz",
			"integrity": "sha512-ONhaKPIufzzrlNbqtWFFd+jlnemX6lJAgq9ZeiZtS7I1PIf/la7CW4m83rTXRnVnsMbW2k56pGYu7AUFJD9Pow=="
		},
		"anymatch": {
			"version": "1.3.2",
			"resolved": "https://registry.npmjs.org/anymatch/-/anymatch-1.3.2.tgz",
			"integrity": "sha512-0XNayC8lTHQ2OI8aljNCN3sSx6hsr/1+rlcDAotXJR7C1oZZHCNsfpbKwMjRA3Uqb5tF1Rae2oloTr4xpq+WjA==",
			"requires": {
				"micromatch": "2.3.11",
				"normalize-path": "2.1.1"
			}
		},
		"arr-diff": {
			"version": "2.0.0",
			"resolved": "https://registry.npmjs.org/arr-diff/-/arr-diff-2.0.0.tgz",
			"integrity": "sha1-jzuCf5Vai9ZpaX5KQlasPOrjVs8=",
			"requires": {
				"arr-flatten": "1.1.0"
			}
		},
		"arr-flatten": {
			"version": "1.1.0",
			"resolved": "https://registry.npmjs.org/arr-flatten/-/arr-flatten-1.1.0.tgz",
			"integrity": "sha512-L3hKV5R/p5o81R7O02IGnwpDmkp6E982XhtbuwSe3O4qOtMMMtodicASA1Cny2U+aCXcNpml+m4dPsvsJ3jatg=="
		},
		"array-unique": {
			"version": "0.2.1",
			"resolved": "https://registry.npmjs.org/array-unique/-/array-unique-0.2.1.tgz",
			"integrity": "sha1-odl8yvy8JiXMcPrc6zalDFiwGlM="
		},
		"async-each": {
			"version": "1.0.1",
			"resolved": "https://registry.npmjs.org/async-each/-/async-each-1.0.1.tgz",
			"integrity": "sha1-GdOGodntxufByF04iu28xW0zYC0="
		},
		"asynckit": {
			"version": "0.4.0",
			"resolved": "https://registry.npmjs.org/asynckit/-/asynckit-0.4.0.tgz",
			"integrity": "sha1-x57Zf380y48robyXkLzDZkdLS3k="
		},
		"balanced-match": {
			"version": "1.0.0",
			"resolved": "https://registry.npmjs.org/balanced-match/-/balanced-match-1.0.0.tgz",
			"integrity": "sha1-ibTRmasr7kneFk6gK4nORi1xt2c="
		},
		"binary-extensions": {
			"version": "1.11.0",
			"resolved": "https://registry.npmjs.org/binary-extensions/-/binary-extensions-1.11.0.tgz",
			"integrity": "sha1-RqoXUftqL5PuXmibsQh9SxTGwgU="
		},
		"brace-expansion": {
			"version": "1.1.11",
			"resolved": "https://registry.npmjs.org/brace-expansion/-/brace-expansion-1.1.11.tgz",
			"integrity": "sha512-iCuPHDFgrHX7H2vEI/5xpz07zSHB00TpugqhmYtVmMO6518mCuRMoOYFldEBl0g187ufozdaHgWKcYFb61qGiA==",
			"requires": {
				"balanced-match": "1.0.0",
				"concat-map": "0.0.1"
			}
		},
		"braces": {
			"version": "1.8.5",
			"resolved": "https://registry.npmjs.org/braces/-/braces-1.8.5.tgz",
			"integrity": "sha1-uneWLhLf+WnWt2cR6RS3N4V79qc=",
			"requires": {
				"expand-range": "1.8.2",
				"preserve": "0.2.0",
				"repeat-element": "1.1.2"
			}
		},
		"cacheable-request": {
			"version": "2.1.4",
			"resolved": "https://registry.npmjs.org/cacheable-request/-/cacheable-request-2.1.4.tgz",
			"integrity": "sha1-DYCIAbY0KtM8kd+dC0TcCbkeXD0=",
			"requires": {
				"clone-response": "1.0.2",
				"get-stream": "3.0.0",
				"http-cache-semantics": "3.8.1",
				"keyv": "3.0.0",
				"lowercase-keys": "1.0.0",
				"normalize-url": "2.0.1",
				"responselike": "1.0.2"
			},
			"dependencies": {
				"lowercase-keys": {
					"version": "1.0.0",
					"resolved": "https://registry.npmjs.org/lowercase-keys/-/lowercase-keys-1.0.0.tgz",
					"integrity": "sha1-TjNms55/VFfjXxMkvfb4jQv8cwY="
				}
			}
		},
		"chokidar": {
			"version": "1.7.0",
			"resolved": "https://registry.npmjs.org/chokidar/-/chokidar-1.7.0.tgz",
			"integrity": "sha1-eY5ol3gVHIB2tLNg5e3SjNortGg=",
			"requires": {
				"anymatch": "1.3.2",
				"async-each": "1.0.1",
				"fsevents": "1.2.4",
				"glob-parent": "2.0.0",
				"inherits": "2.0.3",
				"is-binary-path": "1.0.1",
				"is-glob": "2.0.1",
				"path-is-absolute": "1.0.1",
				"readdirp": "2.1.0"
			}
		},
		"clone-response": {
			"version": "1.0.2",
			"resolved": "https://registry.npmjs.org/clone-response/-/clone-response-1.0.2.tgz",
			"integrity": "sha1-0dyXOSAxTfZ/vrlCI7TuNQI56Ws=",
			"requires": {
				"mimic-response": "1.0.0"
			}
		},
		"combined-stream": {
			"version": "1.0.6",
			"resolved": "https://registry.npmjs.org/combined-stream/-/combined-stream-1.0.6.tgz",
			"integrity": "sha1-cj599ugBrFYTETp+RFqbactjKBg=",
			"requires": {
				"delayed-stream": "1.0.0"
			}
		},
		"concat-map": {
			"version": "0.0.1",
			"resolved": "https://registry.npmjs.org/concat-map/-/concat-map-0.0.1.tgz",
			"integrity": "sha1-2Klr13/Wjfd5OnMDajug1UBdR3s="
		},
		"core-util-is": {
			"version": "1.0.2",
			"resolved": "https://registry.npmjs.org/core-util-is/-/core-util-is-1.0.2.tgz",
			"integrity": "sha1-tf1UIgqivFq1eqtxQMlAdUUDwac="
		},
		"decode-uri-component": {
			"version": "0.2.0",
			"resolved": "https://registry.npmjs.org/decode-uri-component/-/decode-uri-component-0.2.0.tgz",
			"integrity": "sha1-6zkTMzRYd1y4TNGh+uBiEGu4dUU="
		},
		"decompress-response": {
			"version": "3.3.0",
			"resolved": "https://registry.npmjs.org/decompress-response/-/decompress-response-3.3.0.tgz",
			"integrity": "sha1-gKTdMjdIOEv6JICDYirt7Jgq3/M=",
			"requires": {
				"mimic-response": "1.0.0"
			}
		},
		"delayed-stream": {
			"version": "1.0.0",
			"resolved": "https://registry.npmjs.org/delayed-stream/-/delayed-stream-1.0.0.tgz",
			"integrity": "sha1-3zrhmayt+31ECqrgsp4icrJOxhk="
		},
		"duplexer3": {
			"version": "0.1.4",
			"resolved": "https://registry.npmjs.org/duplexer3/-/duplexer3-0.1.4.tgz",
			"integrity": "sha1-7gHdHKwO08vH/b6jfcCo8c4ALOI="
		},
		"electron-reload": {
			"version": "1.2.2",
			"resolved": "https://registry.npmjs.org/electron-reload/-/electron-reload-1.2.2.tgz",
			"integrity": "sha512-dPZrcqjgFR3Gu5TOOVK3GQx63JcB2WJ0hki/4M5tlenDF7epFSnKkcAZyKYwUGEqk1TkUkUUOl7ZyzAK6QNuNQ==",
			"requires": {
				"chokidar": "1.7.0"
			}
		},
		"expand-brackets": {
			"version": "0.1.5",
			"resolved": "https://registry.npmjs.org/expand-brackets/-/expand-brackets-0.1.5.tgz",
			"integrity": "sha1-3wcoTjQqgHzXM6xa9yQR5YHRF3s=",
			"requires": {
				"is-posix-bracket": "0.1.1"
			}
		},
		"expand-range": {
			"version": "1.8.2",
			"resolved": "https://registry.npmjs.org/expand-range/-/expand-range-1.8.2.tgz",
			"integrity": "sha1-opnv/TNf4nIeuujiV+x5ZE/IUzc=",
			"requires": {
				"fill-range": "2.2.4"
			}
		},
		"extglob": {
			"version": "0.3.2",
			"resolved": "https://registry.npmjs.org/extglob/-/extglob-0.3.2.tgz",
			"integrity": "sha1-Lhj/PS9JqydlzskCPwEdqo2DSaE=",
			"requires": {
				"is-extglob": "1.0.0"
			}
		},
		"filename-regex": {
			"version": "2.0.1",
			"resolved": "https://registry.npmjs.org/filename-regex/-/filename-regex-2.0.1.tgz",
			"integrity": "sha1-wcS5vuPglyXdsQa3XB4wH+LxiyY="
		},
		"fill-range": {
			"version": "2.2.4",
			"resolved": "https://registry.npmjs.org/fill-range/-/fill-range-2.2.4.tgz",
			"integrity": "sha512-cnrcCbj01+j2gTG921VZPnHbjmdAf8oQV/iGeV2kZxGSyfYjjTyY79ErsK1WJWMpw6DaApEX72binqJE+/d+5Q==",
			"requires": {
				"is-number": "2.1.0",
				"isobject": "2.1.0",
				"randomatic": "3.0.0",
				"repeat-element": "1.1.2",
				"repeat-string": "1.6.1"
			}
		},
		"for-in": {
			"version": "1.0.2",
			"resolved": "https://registry.npmjs.org/for-in/-/for-in-1.0.2.tgz",
			"integrity": "sha1-gQaNKVqBQuwKxybG4iAMMPttXoA="
		},
		"for-own": {
			"version": "0.1.5",
			"resolved": "https://registry.npmjs.org/for-own/-/for-own-0.1.5.tgz",
			"integrity": "sha1-UmXGgaTylNq78XyVCbZ2OqhFEM4=",
			"requires": {
				"for-in": "1.0.2"
			}
		},
		"form-data": {
			"version": "2.3.2",
			"resolved": "https://registry.npmjs.org/form-data/-/form-data-2.3.2.tgz",
			"integrity": "sha1-SXBJi+YEwgwAXU9cI67NIda0kJk=",
			"requires": {
				"asynckit": "0.4.0",
				"combined-stream": "1.0.6",
				"mime-types": "2.1.18"
			}
		},
		"from2": {
			"version": "2.3.0",
			"resolved": "https://registry.npmjs.org/from2/-/from2-2.3.0.tgz",
			"integrity": "sha1-i/tVAr3kpNNs/e6gB/zKIdfjgq8=",
			"requires": {
				"inherits": "2.0.3",
				"readable-stream": "2.3.6"
			}
		},
		"fs.realpath": {
			"version": "1.0.0",
			"resolved": "https://registry.npmjs.org/fs.realpath/-/fs.realpath-1.0.0.tgz",
			"integrity": "sha1-FQStJSMVjKpA20onh8sBQRmU6k8="
		},
		"fsevents": {
			"version": "1.2.4",
			"resolved": "https://registry.npmjs.org/fsevents/-/fsevents-1.2.4.tgz",
			"integrity": "sha512-z8H8/diyk76B7q5wg+Ud0+CqzcAF3mBBI/bA5ne5zrRUUIvNkJY//D3BqyH571KuAC4Nr7Rw7CjWX4r0y9DvNg==",
			"optional": true,
			"requires": {
				"nan": "2.10.0",
				"node-pre-gyp": "0.10.0"
			},
			"dependencies": {
				"abbrev": {
					"version": "1.1.1",
					"bundled": true,
					"optional": true
				},
				"ansi-regex": {
					"version": "2.1.1",
					"bundled": true
				},
				"aproba": {
					"version": "1.2.0",
					"bundled": true,
					"optional": true
				},
				"are-we-there-yet": {
					"version": "1.1.4",
					"bundled": true,
					"optional": true,
					"requires": {
						"delegates": "1.0.0",
						"readable-stream": "2.3.6"
					}
				},
				"balanced-match": {
					"version": "1.0.0",
					"bundled": true
				},
				"brace-expansion": {
					"version": "1.1.11",
					"bundled": true,
					"requires": {
						"balanced-match": "1.0.0",
						"concat-map": "0.0.1"
					}
				},
				"chownr": {
					"version": "1.0.1",
					"bundled": true,
					"optional": true
				},
				"code-point-at": {
					"version": "1.1.0",
					"bundled": true
				},
				"concat-map": {
					"version": "0.0.1",
					"bundled": true
				},
				"console-control-strings": {
					"version": "1.1.0",
					"bundled": true
				},
				"core-util-is": {
					"version": "1.0.2",
					"bundled": true,
					"optional": true
				},
				"debug": {
					"version": "2.6.9",
					"bundled": true,
					"optional": true,
					"requires": {
						"ms": "2.0.0"
					}
				},
				"deep-extend": {
					"version": "0.5.1",
					"bundled": true,
					"optional": true
				},
				"delegates": {
					"version": "1.0.0",
					"bundled": true,
					"optional": true
				},
				"detect-libc": {
					"version": "1.0.3",
					"bundled": true,
					"optional": true
				},
				"fs-minipass": {
					"version": "1.2.5",
					"bundled": true,
					"optional": true,
					"requires": {
						"minipass": "2.2.4"
					}
				},
				"fs.realpath": {
					"version": "1.0.0",
					"bundled": true,
					"optional": true
				},
				"gauge": {
					"version": "2.7.4",
					"bundled": true,
					"optional": true,
					"requires": {
						"aproba": "1.2.0",
						"console-control-strings": "1.1.0",
						"has-unicode": "2.0.1",
						"object-assign": "4.1.1",
						"signal-exit": "3.0.2",
						"string-width": "1.0.2",
						"strip-ansi": "3.0.1",
						"wide-align": "1.1.2"
					}
				},
				"glob": {
					"version": "7.1.2",
					"bundled": true,
					"optional": true,
					"requires": {
						"fs.realpath": "1.0.0",
						"inflight": "1.0.6",
						"inherits": "2.0.3",
						"minimatch": "3.0.4",
						"once": "1.4.0",
						"path-is-absolute": "1.0.1"
					}
				},
				"has-unicode": {
					"version": "2.0.1",
					"bundled": true,
					"optional": true
				},
				"iconv-lite": {
					"version": "0.4.21",
					"bundled": true,
					"optional": true,
					"requires": {
						"safer-buffer": "2.1.2"
					}
				},
				"ignore-walk": {
					"version": "3.0.1",
					"bundled": true,
					"optional": true,
					"requires": {
						"minimatch": "3.0.4"
					}
				},
				"inflight": {
					"version": "1.0.6",
					"bundled": true,
					"optional": true,
					"requires": {
						"once": "1.4.0",
						"wrappy": "1.0.2"
					}
				},
				"inherits": {
					"version": "2.0.3",
					"bundled": true
				},
				"ini": {
					"version": "1.3.5",
					"bundled": true,
					"optional": true
				},
				"is-fullwidth-code-point": {
					"version": "1.0.0",
					"bundled": true,
					"requires": {
						"number-is-nan": "1.0.1"
					}
				},
				"isarray": {
					"version": "1.0.0",
					"bundled": true,
					"optional": true
				},
				"minimatch": {
					"version": "3.0.4",
					"bundled": true,
					"requires": {
						"brace-expansion": "1.1.11"
					}
				},
				"minimist": {
					"version": "0.0.8",
					"bundled": true
				},
				"minipass": {
					"version": "2.2.4",
					"bundled": true,
					"requires": {
						"safe-buffer": "5.1.1",
						"yallist": "3.0.2"
					}
				},
				"minizlib": {
					"version": "1.1.0",
					"bundled": true,
					"optional": true,
					"requires": {
						"minipass": "2.2.4"
					}
				},
				"mkdirp": {
					"version": "0.5.1",
					"bundled": true,
					"requires": {
						"minimist": "0.0.8"
					}
				},
				"ms": {
					"version": "2.0.0",
					"bundled": true,
					"optional": true
				},
				"needle": {
					"version": "2.2.0",
					"bundled": true,
					"optional": true,
					"requires": {
						"debug": "2.6.9",
						"iconv-lite": "0.4.21",
						"sax": "1.2.4"
					}
				},
				"node-pre-gyp": {
					"version": "0.10.0",
					"bundled": true,
					"optional": true,
					"requires": {
						"detect-libc": "1.0.3",
						"mkdirp": "0.5.1",
						"needle": "2.2.0",
						"nopt": "4.0.1",
						"npm-packlist": "1.1.10",
						"npmlog": "4.1.2",
						"rc": "1.2.7",
						"rimraf": "2.6.2",
						"semver": "5.5.0",
						"tar": "4.4.1"
					}
				},
				"nopt": {
					"version": "4.0.1",
					"bundled": true,
					"optional": true,
					"requires": {
						"abbrev": "1.1.1",
						"osenv": "0.1.5"
					}
				},
				"npm-bundled": {
					"version": "1.0.3",
					"bundled": true,
					"optional": true
				},
				"npm-packlist": {
					"version": "1.1.10",
					"bundled": true,
					"optional": true,
					"requires": {
						"ignore-walk": "3.0.1",
						"npm-bundled": "1.0.3"
					}
				},
				"npmlog": {
					"version": "4.1.2",
					"bundled": true,
					"optional": true,
					"requires": {
						"are-we-there-yet": "1.1.4",
						"console-control-strings": "1.1.0",
						"gauge": "2.7.4",
						"set-blocking": "2.0.0"
					}
				},
				"number-is-nan": {
					"version": "1.0.1",
					"bundled": true
				},
				"object-assign": {
					"version": "4.1.1",
					"bundled": true,
					"optional": true
				},
				"once": {
					"version": "1.4.0",
					"bundled": true,
					"requires": {
						"wrappy": "1.0.2"
					}
				},
				"os-homedir": {
					"version": "1.0.2",
					"bundled": true,
					"optional": true
				},
				"os-tmpdir": {
					"version": "1.0.2",
					"bundled": true,
					"optional": true
				},
				"osenv": {
					"version": "0.1.5",
					"bundled": true,
					"optional": true,
					"requires": {
						"os-homedir": "1.0.2",
						"os-tmpdir": "1.0.2"
					}
				},
				"path-is-absolute": {
					"version": "1.0.1",
					"bundled": true,
					"optional": true
				},
				"process-nextick-args": {
					"version": "2.0.0",
					"bundled": true,
					"optional": true
				},
				"rc": {
					"version": "1.2.7",
					"bundled": true,
					"optional": true,
					"requires": {
						"deep-extend": "0.5.1",
						"ini": "1.3.5",
						"minimist": "1.2.0",
						"strip-json-comments": "2.0.1"
					},
					"dependencies": {
						"minimist": {
							"version": "1.2.0",
							"bundled": true,
							"optional": true
						}
					}
				},
				"readable-stream": {
					"version": "2.3.6",
					"bundled": true,
					"optional": true,
					"requires": {
						"core-util-is": "1.0.2",
						"inherits": "2.0.3",
						"isarray": "1.0.0",
						"process-nextick-args": "2.0.0",
						"safe-buffer": "5.1.1",
						"string_decoder": "1.1.1",
						"util-deprecate": "1.0.2"
					}
				},
				"rimraf": {
					"version": "2.6.2",
					"bundled": true,
					"optional": true,
					"requires": {
						"glob": "7.1.2"
					}
				},
				"safe-buffer": {
					"version": "5.1.1",
					"bundled": true
				},
				"safer-buffer": {
					"version": "2.1.2",
					"bundled": true,
					"optional": true
				},
				"sax": {
					"version": "1.2.4",
					"bundled": true,
					"optional": true
				},
				"semver": {
					"version": "5.5.0",
					"bundled": true,
					"optional": true
				},
				"set-blocking": {
					"version": "2.0.0",
					"bundled": true,
					"optional": true
				},
				"signal-exit": {
					"version": "3.0.2",
					"bundled": true,
					"optional": true
				},
				"string-width": {
					"version": "1.0.2",
					"bundled": true,
					"requires": {
						"code-point-at": "1.1.0",
						"is-fullwidth-code-point": "1.0.0",
						"strip-ansi": "3.0.1"
					}
				},
				"string_decoder": {
					"version": "1.1.1",
					"bundled": true,
					"optional": true,
					"requires": {
						"safe-buffer": "5.1.1"
					}
				},
				"strip-ansi": {
					"version": "3.0.1",
					"bundled": true,
					"requires": {
						"ansi-regex": "2.1.1"
					}
				},
				"strip-json-comments": {
					"version": "2.0.1",
					"bundled": true,
					"optional": true
				},
				"tar": {
					"version": "4.4.1",
					"bundled": true,
					"optional": true,
					"requires": {
						"chownr": "1.0.1",
						"fs-minipass": "1.2.5",
						"minipass": "2.2.4",
						"minizlib": "1.1.0",
						"mkdirp": "0.5.1",
						"safe-buffer": "5.1.1",
						"yallist": "3.0.2"
					}
				},
				"util-deprecate": {
					"version": "1.0.2",
					"bundled": true,
					"optional": true
				},
				"wide-align": {
					"version": "1.1.2",
					"bundled": true,
					"optional": true,
					"requires": {
						"string-width": "1.0.2"
					}
				},
				"wrappy": {
					"version": "1.0.2",
					"bundled": true
				},
				"yallist": {
					"version": "3.0.2",
					"bundled": true
				}
			}
		},
		"get-stream": {
			"version": "3.0.0",
			"resolved": "https://registry.npmjs.org/get-stream/-/get-stream-3.0.0.tgz",
			"integrity": "sha1-jpQ9E1jcN1VQVOy+LtsFqhdO3hQ="
		},
		"glob": {
			"version": "7.1.2",
			"resolved": "https://registry.npmjs.org/glob/-/glob-7.1.2.tgz",
			"integrity": "sha512-MJTUg1kjuLeQCJ+ccE4Vpa6kKVXkPYJ2mOCQyUuKLcLQsdrMCpBPUi8qVE6+YuaJkozeA9NusTAw3hLr8Xe5EQ==",
			"requires": {
				"fs.realpath": "1.0.0",
				"inflight": "1.0.6",
				"inherits": "2.0.3",
				"minimatch": "3.0.4",
				"once": "1.4.0",
				"path-is-absolute": "1.0.1"
			}
		},
		"glob-base": {
			"version": "0.3.0",
			"resolved": "https://registry.npmjs.org/glob-base/-/glob-base-0.3.0.tgz",
			"integrity": "sha1-27Fk9iIbHAscz4Kuoyi0l98Oo8Q=",
			"requires": {
				"glob-parent": "2.0.0",
				"is-glob": "2.0.1"
			}
		},
		"glob-parent": {
			"version": "2.0.0",
			"resolved": "https://registry.npmjs.org/glob-parent/-/glob-parent-2.0.0.tgz",
			"integrity": "sha1-gTg9ctsFT8zPUzbaqQLxgvbtuyg=",
			"requires": {
				"is-glob": "2.0.1"
			}
		},
		"got": {
			"version": "8.3.1",
			"resolved": "https://registry.npmjs.org/got/-/got-8.3.1.tgz",
			"integrity": "sha512-tiLX+bnYm5A56T5N/n9Xo89vMaO1mrS9qoDqj3u/anVooqGozvY/HbXzEpDfbNeKsHCBpK40gSbz8wGYSp3i1w==",
			"requires": {
				"@sindresorhus/is": "0.7.0",
				"cacheable-request": "2.1.4",
				"decompress-response": "3.3.0",
				"duplexer3": "0.1.4",
				"get-stream": "3.0.0",
				"into-stream": "3.1.0",
				"is-retry-allowed": "1.1.0",
				"isurl": "1.0.0",
				"lowercase-keys": "1.0.1",
				"mimic-response": "1.0.0",
				"p-cancelable": "0.4.1",
				"p-timeout": "2.0.1",
				"pify": "3.0.0",
				"safe-buffer": "5.1.2",
				"timed-out": "4.0.1",
				"url-parse-lax": "3.0.0",
				"url-to-options": "1.0.1"
			}
		},
		"graceful-fs": {
			"version": "4.1.11",
			"resolved": "https://registry.npmjs.org/graceful-fs/-/graceful-fs-4.1.11.tgz",
			"integrity": "sha1-Dovf5NHduIVNZOBOp8AOKgJuVlg="
		},
		"has-symbol-support-x": {
			"version": "1.4.2",
			"resolved": "https://registry.npmjs.org/has-symbol-support-x/-/has-symbol-support-x-1.4.2.tgz",
			"integrity": "sha512-3ToOva++HaW+eCpgqZrCfN51IPB+7bJNVT6CUATzueB5Heb8o6Nam0V3HG5dlDvZU1Gn5QLcbahiKw/XVk5JJw=="
		},
		"has-to-string-tag-x": {
			"version": "1.4.1",
			"resolved": "https://registry.npmjs.org/has-to-string-tag-x/-/has-to-string-tag-x-1.4.1.tgz",
			"integrity": "sha512-vdbKfmw+3LoOYVr+mtxHaX5a96+0f3DljYd8JOqvOLsf5mw2Otda2qCDT9qRqLAhrjyQ0h7ual5nOiASpsGNFw==",
			"requires": {
				"has-symbol-support-x": "1.4.2"
			}
		},
		"http-cache-semantics": {
			"version": "3.8.1",
			"resolved": "https://registry.npmjs.org/http-cache-semantics/-/http-cache-semantics-3.8.1.tgz",
			"integrity": "sha512-5ai2iksyV8ZXmnZhHH4rWPoxxistEexSi5936zIQ1bnNTW5VnA85B6P/VpXiRM017IgRvb2kKo1a//y+0wSp3w=="
		},
		"inflight": {
			"version": "1.0.6",
			"resolved": "https://registry.npmjs.org/inflight/-/inflight-1.0.6.tgz",
			"integrity": "sha1-Sb1jMdfQLQwJvJEKEHW6gWW1bfk=",
			"requires": {
				"once": "1.4.0",
				"wrappy": "1.0.2"
			}
		},
		"inherits": {
			"version": "2.0.3",
			"resolved": "https://registry.npmjs.org/inherits/-/inherits-2.0.3.tgz",
			"integrity": "sha1-Yzwsg+PaQqUC9SRmAiSA9CCCYd4="
		},
		"into-stream": {
			"version": "3.1.0",
			"resolved": "https://registry.npmjs.org/into-stream/-/into-stream-3.1.0.tgz",
			"integrity": "sha1-lvsKk2wSur1v8XUqF9BWFqvQlMY=",
			"requires": {
				"from2": "2.3.0",
				"p-is-promise": "1.1.0"
			}
		},
		"is-binary-path": {
			"version": "1.0.1",
			"resolved": "https://registry.npmjs.org/is-binary-path/-/is-binary-path-1.0.1.tgz",
			"integrity": "sha1-dfFmQrSA8YenEcgUFh/TpKdlWJg=",
			"requires": {
				"binary-extensions": "1.11.0"
			}
		},
		"is-buffer": {
			"version": "1.1.6",
			"resolved": "https://registry.npmjs.org/is-buffer/-/is-buffer-1.1.6.tgz",
			"integrity": "sha512-NcdALwpXkTm5Zvvbk7owOUSvVvBKDgKP5/ewfXEznmQFfs4ZRmanOeKBTjRVjka3QFoN6XJ+9F3USqfHqTaU5w=="
		},
		"is-dotfile": {
			"version": "1.0.3",
			"resolved": "https://registry.npmjs.org/is-dotfile/-/is-dotfile-1.0.3.tgz",
			"integrity": "sha1-pqLzL/0t+wT1yiXs0Pa4PPeYoeE="
		},
		"is-equal-shallow": {
			"version": "0.1.3",
			"resolved": "https://registry.npmjs.org/is-equal-shallow/-/is-equal-shallow-0.1.3.tgz",
			"integrity": "sha1-IjgJj8Ih3gvPpdnqxMRdY4qhxTQ=",
			"requires": {
				"is-primitive": "2.0.0"
			}
		},
		"is-extendable": {
			"version": "0.1.1",
			"resolved": "https://registry.npmjs.org/is-extendable/-/is-extendable-0.1.1.tgz",
			"integrity": "sha1-YrEQ4omkcUGOPsNqYX1HLjAd/Ik="
		},
		"is-extglob": {
			"version": "1.0.0",
			"resolved": "https://registry.npmjs.org/is-extglob/-/is-extglob-1.0.0.tgz",
			"integrity": "sha1-rEaBd8SUNAWgkvyPKXYMb/xiBsA="
		},
		"is-glob": {
			"version": "2.0.1",
			"resolved": "https://registry.npmjs.org/is-glob/-/is-glob-2.0.1.tgz",
			"integrity": "sha1-0Jb5JqPe1WAPP9/ZEZjLCIjC2GM=",
			"requires": {
				"is-extglob": "1.0.0"
			}
		},
		"is-number": {
			"version": "2.1.0",
			"resolved": "https://registry.npmjs.org/is-number/-/is-number-2.1.0.tgz",
			"integrity": "sha1-Afy7s5NGOlSPL0ZszhbezknbkI8=",
			"requires": {
				"kind-of": "3.2.2"
			}
		},
		"is-object": {
			"version": "1.0.1",
			"resolved": "https://registry.npmjs.org/is-object/-/is-object-1.0.1.tgz",
			"integrity": "sha1-iVJojF7C/9awPsyF52ngKQMINHA="
		},
		"is-plain-obj": {
			"version": "1.1.0",
			"resolved": "https://registry.npmjs.org/is-plain-obj/-/is-plain-obj-1.1.0.tgz",
			"integrity": "sha1-caUMhCnfync8kqOQpKA7OfzVHT4="
		},
		"is-posix-bracket": {
			"version": "0.1.1",
			"resolved": "https://registry.npmjs.org/is-posix-bracket/-/is-posix-bracket-0.1.1.tgz",
			"integrity": "sha1-MzTceXdDaOkvAW5vvAqI9c1ua8Q="
		},
		"is-primitive": {
			"version": "2.0.0",
			"resolved": "https://registry.npmjs.org/is-primitive/-/is-primitive-2.0.0.tgz",
			"integrity": "sha1-IHurkWOEmcB7Kt8kCkGochADRXU="
		},
		"is-retry-allowed": {
			"version": "1.1.0",
			"resolved": "https://registry.npmjs.org/is-retry-allowed/-/is-retry-allowed-1.1.0.tgz",
			"integrity": "sha1-EaBgVotnM5REAz0BJaYaINVk+zQ="
		},
		"isarray": {
			"version": "1.0.0",
			"resolved": "https://registry.npmjs.org/isarray/-/isarray-1.0.0.tgz",
			"integrity": "sha1-u5NdSFgsuhaMBoNJV6VKPgcSTxE="
		},
		"isobject": {
			"version": "2.1.0",
			"resolved": "https://registry.npmjs.org/isobject/-/isobject-2.1.0.tgz",
			"integrity": "sha1-8GVWEJaj8dou9GJy+BXIQNh+DIk=",
			"requires": {
				"isarray": "1.0.0"
			}
		},
		"isurl": {
			"version": "1.0.0",
			"resolved": "https://registry.npmjs.org/isurl/-/isurl-1.0.0.tgz",
			"integrity": "sha512-1P/yWsxPlDtn7QeRD+ULKQPaIaN6yF368GZ2vDfv0AL0NwpStafjWCDDdn0k8wgFMWpVAqG7oJhxHnlud42i9w==",
			"requires": {
				"has-to-string-tag-x": "1.4.1",
				"is-object": "1.0.1"
			}
		},
		"json-buffer": {
			"version": "3.0.0",
			"resolved": "https://registry.npmjs.org/json-buffer/-/json-buffer-3.0.0.tgz",
			"integrity": "sha1-Wx85evx11ne96Lz8Dkfh+aPZqJg="
		},
		"keyv": {
			"version": "3.0.0",
			"resolved": "https://registry.npmjs.org/keyv/-/keyv-3.0.0.tgz",
			"integrity": "sha512-eguHnq22OE3uVoSYG0LVWNP+4ppamWr9+zWBe1bsNcovIMy6huUJFPgy4mGwCd/rnl3vOLGW1MTlu4c57CT1xA==",
			"requires": {
				"json-buffer": "3.0.0"
			}
		},
		"kind-of": {
			"version": "3.2.2",
			"resolved": "https://registry.npmjs.org/kind-of/-/kind-of-3.2.2.tgz",
			"integrity": "sha1-MeohpzS6ubuw8yRm2JOupR5KPGQ=",
			"requires": {
				"is-buffer": "1.1.6"
			}
		},
		"lowercase-keys": {
			"version": "1.0.1",
			"resolved": "https://registry.npmjs.org/lowercase-keys/-/lowercase-keys-1.0.1.tgz",
			"integrity": "sha512-G2Lj61tXDnVFFOi8VZds+SoQjtQC3dgokKdDG2mTm1tx4m50NUHBOZSBwQQHyy0V12A0JTG4icfZQH+xPyh8VA=="
		},
		"math-random": {
			"version": "1.0.1",
			"resolved": "https://registry.npmjs.org/math-random/-/math-random-1.0.1.tgz",
			"integrity": "sha1-izqsWIuKZuSXXjzepn97sylgH6w="
		},
		"micromatch": {
			"version": "2.3.11",
			"resolved": "https://registry.npmjs.org/micromatch/-/micromatch-2.3.11.tgz",
			"integrity": "sha1-hmd8l9FyCzY0MdBNDRUpO9OMFWU=",
			"requires": {
				"arr-diff": "2.0.0",
				"array-unique": "0.2.1",
				"braces": "1.8.5",
				"expand-brackets": "0.1.5",
				"extglob": "0.3.2",
				"filename-regex": "2.0.1",
				"is-extglob": "1.0.0",
				"is-glob": "2.0.1",
				"kind-of": "3.2.2",
				"normalize-path": "2.1.1",
				"object.omit": "2.0.1",
				"parse-glob": "3.0.4",
				"regex-cache": "0.4.4"
			}
		},
		"mime-db": {
			"version": "1.33.0",
			"resolved": "https://registry.npmjs.org/mime-db/-/mime-db-1.33.0.tgz",
			"integrity": "sha512-BHJ/EKruNIqJf/QahvxwQZXKygOQ256myeN/Ew+THcAa5q+PjyTTMMeNQC4DZw5AwfvelsUrA6B67NKMqXDbzQ=="
		},
		"mime-types": {
			"version": "2.1.18",
			"resolved": "https://registry.npmjs.org/mime-types/-/mime-types-2.1.18.tgz",
			"integrity": "sha512-lc/aahn+t4/SWV/qcmumYjymLsWfN3ELhpmVuUFjgsORruuZPVSwAQryq+HHGvO/SI2KVX26bx+En+zhM8g8hQ==",
			"requires": {
				"mime-db": "1.33.0"
			}
		},
		"mimic-response": {
			"version": "1.0.0",
			"resolved": "https://registry.npmjs.org/mimic-response/-/mimic-response-1.0.0.tgz",
			"integrity": "sha1-3z02Uqc/3ta5sLJBRub9BSNTRY4="
		},
		"min-dash": {
			"version": "3.1.0",
			"resolved": "https://registry.npmjs.org/min-dash/-/min-dash-3.1.0.tgz",
			"integrity": "sha512-nP58UY9iKd+b6CYivW85+aqgjMXPMd3UAfv5CExiZ8uQBO4LxbY/BWf4rzRjMNtKI9QW21LH80i77mG2Jh96bg=="
		},
		"minimatch": {
			"version": "3.0.4",
			"resolved": "https://registry.npmjs.org/minimatch/-/minimatch-3.0.4.tgz",
			"integrity": "sha512-yJHVQEhyqPLUTgt9B83PXu6W3rx4MvvHvSUvToogpwoGDOUQ+yDrR0HRot+yOCdCO7u4hX3pWft6kWBBcqh0UA==",
			"requires": {
				"brace-expansion": "1.1.11"
			}
		},
		"nan": {
			"version": "2.10.0",
			"resolved": "https://registry.npmjs.org/nan/-/nan-2.10.0.tgz",
			"integrity": "sha512-bAdJv7fBLhWC+/Bls0Oza+mvTaNQtP+1RyhhhvD95pgUJz6XM5IzgmxOkItJ9tkoCiplvAnXI1tNmmUD/eScyA==",
			"optional": true
		},
		"node-fetch": {
			"version": "2.1.2",
			"resolved": "https://registry.npmjs.org/node-fetch/-/node-fetch-2.1.2.tgz",
			"integrity": "sha1-q4hOjn5X44qUR1POxwb3iNF2i7U="
		},
		"normalize-path": {
			"version": "2.1.1",
			"resolved": "https://registry.npmjs.org/normalize-path/-/normalize-path-2.1.1.tgz",
			"integrity": "sha1-GrKLVW4Zg2Oowab35vogE3/mrtk=",
			"requires": {
				"remove-trailing-separator": "1.1.0"
			}
		},
		"normalize-url": {
			"version": "2.0.1",
			"resolved": "https://registry.npmjs.org/normalize-url/-/normalize-url-2.0.1.tgz",
			"integrity": "sha512-D6MUW4K/VzoJ4rJ01JFKxDrtY1v9wrgzCX5f2qj/lzH1m/lW6MhUZFKerVsnyjOhOsYzI9Kqqak+10l4LvLpMw==",
			"requires": {
				"prepend-http": "2.0.0",
				"query-string": "5.1.1",
				"sort-keys": "2.0.0"
			}
		},
		"object-assign": {
			"version": "4.1.1",
			"resolved": "https://registry.npmjs.org/object-assign/-/object-assign-4.1.1.tgz",
			"integrity": "sha1-IQmtx5ZYh8/AXLvUQsrIv7s2CGM="
		},
		"object.omit": {
			"version": "2.0.1",
			"resolved": "https://registry.npmjs.org/object.omit/-/object.omit-2.0.1.tgz",
			"integrity": "sha1-Gpx0SCnznbuFjHbKNXmuKlTr0fo=",
			"requires": {
				"for-own": "0.1.5",
				"is-extendable": "0.1.1"
			}
		},
		"once": {
			"version": "1.4.0",
			"resolved": "https://registry.npmjs.org/once/-/once-1.4.0.tgz",
			"integrity": "sha1-WDsap3WWHUsROsF9nFC6753Xa9E=",
			"requires": {
				"wrappy": "1.0.2"
			}
		},
		"p-cancelable": {
			"version": "0.4.1",
			"resolved": "https://registry.npmjs.org/p-cancelable/-/p-cancelable-0.4.1.tgz",
			"integrity": "sha512-HNa1A8LvB1kie7cERyy21VNeHb2CWJJYqyyC2o3klWFfMGlFmWv2Z7sFgZH8ZiaYL95ydToKTFVXgMV/Os0bBQ=="
		},
		"p-finally": {
			"version": "1.0.0",
			"resolved": "https://registry.npmjs.org/p-finally/-/p-finally-1.0.0.tgz",
			"integrity": "sha1-P7z7FbiZpEEjs0ttzBi3JDNqLK4="
		},
		"p-is-promise": {
			"version": "1.1.0",
			"resolved": "https://registry.npmjs.org/p-is-promise/-/p-is-promise-1.1.0.tgz",
			"integrity": "sha1-nJRWmJ6fZYgBewQ01WCXZ1w9oF4="
		},
		"p-timeout": {
			"version": "2.0.1",
			"resolved": "https://registry.npmjs.org/p-timeout/-/p-timeout-2.0.1.tgz",
			"integrity": "sha512-88em58dDVB/KzPEx1X0N3LwFfYZPyDc4B6eF38M1rk9VTZMbxXXgjugz8mmwpS9Ox4BDZ+t6t3QP5+/gazweIA==",
			"requires": {
				"p-finally": "1.0.0"
			}
		},
		"parents": {
			"version": "1.0.1",
			"resolved": "https://registry.npmjs.org/parents/-/parents-1.0.1.tgz",
			"integrity": "sha1-/t1NK/GTp3dF/nHjcdc8MwfZx1E=",
			"requires": {
				"path-platform": "0.11.15"
			}
		},
		"parse-glob": {
			"version": "3.0.4",
			"resolved": "https://registry.npmjs.org/parse-glob/-/parse-glob-3.0.4.tgz",
			"integrity": "sha1-ssN2z7EfNVE7rdFz7wu246OIORw=",
			"requires": {
				"glob-base": "0.3.0",
				"is-dotfile": "1.0.3",
				"is-extglob": "1.0.0",
				"is-glob": "2.0.1"
			}
		},
		"path-is-absolute": {
			"version": "1.0.1",
			"resolved": "https://registry.npmjs.org/path-is-absolute/-/path-is-absolute-1.0.1.tgz",
			"integrity": "sha1-F0uSaHNVNP+8es5r9TpanhtcX18="
		},
		"path-platform": {
			"version": "0.11.15",
			"resolved": "https://registry.npmjs.org/path-platform/-/path-platform-0.11.15.tgz",
			"integrity": "sha1-6GQhf3TDaFDwhSt43Hv31KVyG/I="
		},
		"pify": {
			"version": "3.0.0",
			"resolved": "https://registry.npmjs.org/pify/-/pify-3.0.0.tgz",
			"integrity": "sha1-5aSs0sEB/fPZpNB/DbxNtJ3SgXY="
		},
		"prepend-http": {
			"version": "2.0.0",
			"resolved": "https://registry.npmjs.org/prepend-http/-/prepend-http-2.0.0.tgz",
			"integrity": "sha1-6SQ0v6XqjBn0HN/UAddBo8gZ2Jc="
		},
		"preserve": {
			"version": "0.2.0",
			"resolved": "https://registry.npmjs.org/preserve/-/preserve-0.2.0.tgz",
			"integrity": "sha1-gV7R9uvGWSb4ZbMQwHE7yzMVzks="
		},
		"process-nextick-args": {
			"version": "2.0.0",
			"resolved": "https://registry.npmjs.org/process-nextick-args/-/process-nextick-args-2.0.0.tgz",
			"integrity": "sha512-MtEC1TqN0EU5nephaJ4rAtThHtC86dNN9qCuEhtshvpVBkAW5ZO7BASN9REnF9eoXGcRub+pFuKEpOHE+HbEMw=="
		},
		"query-string": {
			"version": "5.1.1",
			"resolved": "https://registry.npmjs.org/query-string/-/query-string-5.1.1.tgz",
			"integrity": "sha512-gjWOsm2SoGlgLEdAGt7a6slVOk9mGiXmPFMqrEhLQ68rhQuBnpfs3+EmlvqKyxnCo9/PPlF+9MtY02S1aFg+Jw==",
			"requires": {
				"decode-uri-component": "0.2.0",
				"object-assign": "4.1.1",
				"strict-uri-encode": "1.1.0"
			}
		},
		"randomatic": {
			"version": "3.0.0",
			"resolved": "https://registry.npmjs.org/randomatic/-/randomatic-3.0.0.tgz",
			"integrity": "sha512-VdxFOIEY3mNO5PtSRkkle/hPJDHvQhK21oa73K4yAc9qmp6N429gAyF1gZMOTMeS0/AYzaV/2Trcef+NaIonSA==",
			"requires": {
				"is-number": "4.0.0",
				"kind-of": "6.0.2",
				"math-random": "1.0.1"
			},
			"dependencies": {
				"is-number": {
					"version": "4.0.0",
					"resolved": "https://registry.npmjs.org/is-number/-/is-number-4.0.0.tgz",
					"integrity": "sha512-rSklcAIlf1OmFdyAqbnWTLVelsQ58uvZ66S/ZyawjWqIviTWCjg2PzVGw8WUA+nNuPTqb4wgA+NszrJ+08LlgQ=="
				},
				"kind-of": {
					"version": "6.0.2",
					"resolved": "https://registry.npmjs.org/kind-of/-/kind-of-6.0.2.tgz",
					"integrity": "sha512-s5kLOcnH0XqDO+FvuaLX8DDjZ18CGFk7VygH40QoKPUQhW4e2rvM0rwUq0t8IQDOwYSeLK01U90OjzBTme2QqA=="
				}
			}
		},
		"readable-stream": {
			"version": "2.3.6",
			"resolved": "https://registry.npmjs.org/readable-stream/-/readable-stream-2.3.6.tgz",
			"integrity": "sha512-tQtKA9WIAhBF3+VLAseyMqZeBjW0AHJoxOtYqSUZNJxauErmLbVm2FW1y+J/YA9dUrAC39ITejlZWhVIwawkKw==",
			"requires": {
				"core-util-is": "1.0.2",
				"inherits": "2.0.3",
				"isarray": "1.0.0",
				"process-nextick-args": "2.0.0",
				"safe-buffer": "5.1.2",
				"string_decoder": "1.1.1",
				"util-deprecate": "1.0.2"
			}
		},
		"readdirp": {
			"version": "2.1.0",
			"resolved": "https://registry.npmjs.org/readdirp/-/readdirp-2.1.0.tgz",
			"integrity": "sha1-TtCtBg3zBzMAxIRANz9y0cxkLXg=",
			"requires": {
				"graceful-fs": "4.1.11",
				"minimatch": "3.0.4",
				"readable-stream": "2.3.6",
				"set-immediate-shim": "1.0.1"
			}
		},
		"regex-cache": {
			"version": "0.4.4",
			"resolved": "https://registry.npmjs.org/regex-cache/-/regex-cache-0.4.4.tgz",
			"integrity": "sha512-nVIZwtCjkC9YgvWkpM55B5rBhBYRZhAaJbgcFYXXsHnbZ9UZI9nnVWYZpBlCqv9ho2eZryPnWrZGsOdPwVWXWQ==",
			"requires": {
				"is-equal-shallow": "0.1.3"
			}
		},
		"remove-trailing-separator": {
			"version": "1.1.0",
			"resolved": "https://registry.npmjs.org/remove-trailing-separator/-/remove-trailing-separator-1.1.0.tgz",
			"integrity": "sha1-wkvOKig62tW8P1jg1IJJuSN52O8="
		},
		"repeat-element": {
			"version": "1.1.2",
			"resolved": "https://registry.npmjs.org/repeat-element/-/repeat-element-1.1.2.tgz",
			"integrity": "sha1-7wiaF40Ug7quTZPrmLT55OEdmQo="
		},
		"repeat-string": {
			"version": "1.6.1",
			"resolved": "https://registry.npmjs.org/repeat-string/-/repeat-string-1.6.1.tgz",
			"integrity": "sha1-jcrkcOHIirwtYA//Sndihtp15jc="
		},
		"responselike": {
			"version": "1.0.2",
			"resolved": "https://registry.npmjs.org/responselike/-/responselike-1.0.2.tgz",
			"integrity": "sha1-kYcg7ztjHFZCvgaPFa3lpG9Loec=",
			"requires": {
				"lowercase-keys": "1.0.1"
			}
		},
		"safe-buffer": {
			"version": "5.1.2",
			"resolved": "https://registry.npmjs.org/safe-buffer/-/safe-buffer-5.1.2.tgz",
			"integrity": "sha512-Gd2UZBJDkXlY7GbJxfsE8/nvKkUEU1G38c1siN6QP6a9PT9MmHB8GnpscSmMJSoF8LOIrt8ud/wPtojys4G6+g=="
		},
		"set-immediate-shim": {
			"version": "1.0.1",
			"resolved": "https://registry.npmjs.org/set-immediate-shim/-/set-immediate-shim-1.0.1.tgz",
			"integrity": "sha1-SysbJ+uAip+NzEgaWOXlb1mfP2E="
		},
		"sort-keys": {
			"version": "2.0.0",
			"resolved": "https://registry.npmjs.org/sort-keys/-/sort-keys-2.0.0.tgz",
			"integrity": "sha1-ZYU1WEhh7JfXMNbPQYIuH1ZoQSg=",
			"requires": {
				"is-plain-obj": "1.1.0"
			}
		},
		"strict-uri-encode": {
			"version": "1.1.0",
			"resolved": "https://registry.npmjs.org/strict-uri-encode/-/strict-uri-encode-1.1.0.tgz",
			"integrity": "sha1-J5siXfHVgrH1TmWt3UNS4Y+qBxM="
		},
		"string_decoder": {
			"version": "1.1.1",
			"resolved": "https://registry.npmjs.org/string_decoder/-/string_decoder-1.1.1.tgz",
			"integrity": "sha512-n/ShnvDi6FHbbVfviro+WojiFzv+s8MPMHBczVePfUpDJLwoLT0ht1l4YwBCbi8pJAveEEdnkHyPyTP/mzRfwg==",
			"requires": {
				"safe-buffer": "5.1.2"
			}
		},
		"timed-out": {
			"version": "4.0.1",
			"resolved": "https://registry.npmjs.org/timed-out/-/timed-out-4.0.1.tgz",
			"integrity": "sha1-8y6srFoXW+ol1/q1Zas+2HQe9W8="
		},
		"url-parse-lax": {
			"version": "3.0.0",
			"resolved": "https://registry.npmjs.org/url-parse-lax/-/url-parse-lax-3.0.0.tgz",
			"integrity": "sha1-FrXK/Afb42dsGxmZF3gj1lA6yww=",
			"requires": {
				"prepend-http": "2.0.0"
			}
		},
		"url-to-options": {
			"version": "1.0.1",
			"resolved": "https://registry.npmjs.org/url-to-options/-/url-to-options-1.0.1.tgz",
			"integrity": "sha1-FQWgOiiaSMvXpDTvuu7FBV9WM6k="
		},
		"util-deprecate": {
			"version": "1.0.2",
			"resolved": "https://registry.npmjs.org/util-deprecate/-/util-deprecate-1.0.2.tgz",
			"integrity": "sha1-RQ1Nyfpw3nMnYvvS1KKJgUGaDM8="
		},
		"wrappy": {
			"version": "1.0.2",
			"resolved": "https://registry.npmjs.org/wrappy/-/wrappy-1.0.2.tgz",
			"integrity": "sha1-tSQ9jz7BqjXxNkYFvA0QNuMKtp8="
		}
	}
}
